
Microsoft Visual Studio Solution File, Format Version 12.00
# Visual Studio Version 17
VisualStudioVersion = 17.1.32228.430
MinimumVisualStudioVersion = 10.0.40219.1
Project("{FAE04EC0-301F-11D3-BF4B-00C04F79EFBC}") = "Szachy", "Szachy\Szachy.csproj", "{1EFD3E76-39AF-459B-BA54-A855CC87E9DB}"
EndProject
Global
	GlobalSection(SolutionConfigurationPlatforms) = preSolution
		Debug|Any CPU = Debug|Any CPU
		Release|Any CPU = Release|Any CPU
	EndGlobalSection
	GlobalSection(ProjectConfigurationPlatforms) = postSolution
		{1EFD3E76-39AF-459B-BA54-A855CC87E9DB}.Debug|Any CPU.ActiveCfg = Debug|Any CPU
		{1EFD3E76-39AF-459B-BA54-A855CC87E9DB}.Debug|Any CPU.Build.0 = Debug|Any CPU
		{1EFD3E76-39AF-459B-BA54-A855CC87E9DB}.Release|Any CPU.ActiveCfg = Release|Any CPU
		{1EFD3E76-39AF-459B-BA54-A855CC87E9DB}.Release|Any CPU.Build.0 = Release|Any CPU
	EndGlobalSection
	GlobalSection(SolutionProperties) = preSolution
		HideSolutionNode = FALSE
	EndGlobalSection
	GlobalSection(ExtensibilityGlobals) = postSolution
		SolutionGuid = {24D27331-01CB-4218-83BD-F7CA5EFA92F2}
	EndGlobalSection
EndGlobal
